
Microsoft Visual Studio Solution File, Format Version 12.00
# Visual Studio Version 16
VisualStudioVersion = 16.0.808.4
MinimumVisualStudioVersion = 10.0.40219.1
Project("{FAE04EC0-301F-11D3-BF4B-00C04F79EFBC}") = "PracticeCode", "PracticeCode\PracticeCode.csproj", "{542E7D28-DB4A-4EEB-AA71-661757890521}"
EndProject
Global
	GlobalSection(SolutionConfigurationPlatforms) = preSolution
		Debug|Any CPU = Debug|Any CPU
		Release|Any CPU = Release|Any CPU
	EndGlobalSection
	GlobalSection(ProjectConfigurationPlatforms) = postSolution
		{542E7D28-DB4A-4EEB-AA71-661757890521}.Debug|Any CPU.ActiveCfg = Debug|Any CPU
		{542E7D28-DB4A-4EEB-AA71-661757890521}.Debug|Any CPU.Build.0 = Debug|Any CPU
		{542E7D28-DB4A-4EEB-AA71-661757890521}.Release|Any CPU.ActiveCfg = Release|Any CPU
		{542E7D28-DB4A-4EEB-AA71-661757890521}.Release|Any CPU.Build.0 = Release|Any CPU
	EndGlobalSection
	GlobalSection(SolutionProperties) = preSolution
		HideSolutionNode = FALSE
	EndGlobalSection
	GlobalSection(ExtensibilityGlobals) = postSolution
		SolutionGuid = {D86EC6A0-93F0-46CC-B9B9-A1F95CE832A9}
	EndGlobalSection
EndGlobal
